// !$*UTF8*$!
{
	archiveVersion = 1;
	classes = {
	};
	objectVersion = 50;
	objects = {

/* Begin PBXBuildFile section */
		FDD75BBA245D5AC70002DA7E /* n.c in Sources */ = {isa = PBXBuildFile; fileRef = FDD75BB9245D5AC70002DA7E /* n.c */; };
/* End PBXBuildFile section */

/* Begin PBXCopyFilesBuildPhase section */
		FDAB9E36243C3B4E000B1E4B /* CopyFiles */ = {
			isa = PBXCopyFilesBuildPhase;
			buildActionMask = 2147483647;
			dstPath = /usr/share/man/man1/;
			dstSubfolderSpec = 0;
			files = (
			);
			runOnlyForDeploymentPostprocessing = 1;
		};
/* End PBXCopyFilesBuildPhase section */

/* Begin PBXFileReference section */
		FD47CFAF243E4CCE00F8992D /* test.n */ = {isa = PBXFileReference; fileEncoding = 4; lastKnownFileType = text; name = test.n; path = ../../examples/test.n; sourceTree = "<group>"; };
		FD57A3CE244EACF200FAC20A /* status.txt */ = {isa = PBXFileReference; fileEncoding = 4; lastKnownFileType = text; name = status.txt; path = ../../documentation/status.txt; sourceTree = "<group>"; };
		FDAB9E38243C3B4E000B1E4B /* n */ = {isa = PBXFileReference; explicitFileType = "compiled.mach-o.executable"; includeInIndex = 0; path = n; sourceTree = BUILT_PRODUCTS_DIR; };
		FDD75BB9245D5AC70002DA7E /* n.c */ = {isa = PBXFileReference; fileEncoding = 4; lastKnownFileType = sourcecode.c.c; path = n.c; sourceTree = "<group>"; };
/* End PBXFileReference section */

/* Begin PBXFrameworksBuildPhase section */
		FDAB9E35243C3B4E000B1E4B /* Frameworks */ = {
			isa = PBXFrameworksBuildPhase;
			buildActionMask = 2147483647;
			files = (
			);
			runOnlyForDeploymentPostprocessing = 0;
		};
/* End PBXFrameworksBuildPhase section */

/* Begin PBXGroup section */
		FDAB9E2F243C3B4E000B1E4B = {
			isa = PBXGroup;
			children = (
				FDAB9E3A243C3B4E000B1E4B /* n */,
				FDAB9E39243C3B4E000B1E4B /* Products */,
			);
			sourceTree = "<group>";
		};
		FDAB9E39243C3B4E000B1E4B /* Products */ = {
			isa = PBXGroup;
			children = (
				FDAB9E38243C3B4E000B1E4B /* n */,
			);
			name = Products;
			sourceTree = "<group>";
		};
		FDAB9E3A243C3B4E000B1E4B /* n */ = {
			isa = PBXGroup;
			children = (
				FDD75BB9245D5AC70002DA7E /* n.c */,
				FD47CFAF243E4CCE00F8992D /* test.n */,
				FD57A3CE244EACF200FAC20A /* status.txt */,
			);
			path = n;
			sourceTree = "<group>";
		};
/* End PBXGroup section */

/* Begin PBXNativeTarget section */
		FDAB9E37243C3B4E000B1E4B /* n */ = {
			isa = PBXNativeTarget;
			buildConfigurationList = FDAB9E3F243C3B4E000B1E4B /* Build configuration list for PBXNativeTarget "n" */;
			buildPhases = (
				FDAB9E34243C3B4E000B1E4B /* Sources */,
				FDAB9E35243C3B4E000B1E4B /* Frameworks */,
				FDAB9E36243C3B4E000B1E4B /* CopyFiles */,
			);
			buildRules = (
			);
			dependencies = (
			);
			name = n;
			productName = n;
			productReference = FDAB9E38243C3B4E000B1E4B /* n */;
			productType = "com.apple.product-type.tool";
		};
/* End PBXNativeTarget section */

/* Begin PBXProject section */
		FDAB9E30243C3B4E000B1E4B /* Project object */ = {
			isa = PBXProject;
			attributes = {
				LastUpgradeCheck = 1160;
				ORGANIZATIONNAME = "Daniel Rehman";
				TargetAttributes = {
					FDAB9E37243C3B4E000B1E4B = {
						CreatedOnToolsVersion = 11.4;
					};
				};
			};
			buildConfigurationList = FDAB9E33243C3B4E000B1E4B /* Build configuration list for PBXProject "n" */;
			compatibilityVersion = "Xcode 9.3";
			developmentRegion = en;
			hasScannedForEncodings = 0;
			knownRegions = (
				en,
				Base,
			);
			mainGroup = FDAB9E2F243C3B4E000B1E4B;
			productRefGroup = FDAB9E39243C3B4E000B1E4B /* Products */;
			projectDirPath = "";
			projectRoot = "";
			targets = (
				FDAB9E37243C3B4E000B1E4B /* n */,
			);
		};
/* End PBXProject section */

/* Begin PBXSourcesBuildPhase section */
		FDAB9E34243C3B4E000B1E4B /* Sources */ = {
			isa = PBXSourcesBuildPhase;
			buildActionMask = 2147483647;
			files = (
				FDD75BBA245D5AC70002DA7E /* n.c in Sources */,
			);
			runOnlyForDeploymentPostprocessing = 0;
		};
/* End PBXSourcesBuildPhase section */

/* Begin XCBuildConfiguration section */
		FDAB9E3D243C3B4E000B1E4B /* Debug */ = {
			isa = XCBuildConfiguration;
			buildSettings = {
				ALWAYS_SEARCH_USER_PATHS = NO;
				CLANG_ANALYZER_NONNULL = YES;
				CLANG_ANALYZER_NUMBER_OBJECT_CONVERSION = YES_AGGRESSIVE;
				CLANG_CXX_LANGUAGE_STANDARD = "gnu++14";
				CLANG_CXX_LIBRARY = "libc++";
				CLANG_ENABLE_MODULES = YES;
				CLANG_ENABLE_OBJC_ARC = YES;
				CLANG_ENABLE_OBJC_WEAK = YES;
				CLANG_WARN_BLOCK_CAPTURE_AUTORELEASING = YES;
				CLANG_WARN_BOOL_CONVERSION = YES;
				CLANG_WARN_COMMA = YES;
				CLANG_WARN_CONSTANT_CONVERSION = YES;
				CLANG_WARN_DEPRECATED_OBJC_IMPLEMENTATIONS = YES;
				CLANG_WARN_DIRECT_OBJC_ISA_USAGE = YES_ERROR;
				CLANG_WARN_DOCUMENTATION_COMMENTS = YES;
				CLANG_WARN_EMPTY_BODY = YES;
				CLANG_WARN_ENUM_CONVERSION = YES;
				CLANG_WARN_INFINITE_RECURSION = YES;
				CLANG_WARN_INT_CONVERSION = YES;
				CLANG_WARN_NON_LITERAL_NULL_CONVERSION = YES;
				CLANG_WARN_OBJC_IMPLICIT_RETAIN_SELF = YES;
				CLANG_WARN_OBJC_LITERAL_CONVERSION = YES;
				CLANG_WARN_OBJC_ROOT_CLASS = YES_ERROR;
				CLANG_WARN_RANGE_LOOP_ANALYSIS = YES;
				CLANG_WARN_STRICT_PROTOTYPES = YES;
				CLANG_WARN_SUSPICIOUS_MOVE = YES;
				CLANG_WARN_UNGUARDED_AVAILABILITY = YES_AGGRESSIVE;
				CLANG_WARN_UNREACHABLE_CODE = YES;
				CLANG_WARN__DUPLICATE_METHOD_MATCH = YES;
				COPY_PHASE_STRIP = NO;
				DEBUG_INFORMATION_FORMAT = dwarf;
				ENABLE_STRICT_OBJC_MSGSEND = YES;
				ENABLE_TESTABILITY = YES;
				GCC_C_LANGUAGE_STANDARD = gnu11;
				GCC_DYNAMIC_NO_PIC = NO;
				GCC_NO_COMMON_BLOCKS = YES;
				GCC_OPTIMIZATION_LEVEL = 0;
				GCC_PREPROCESSOR_DEFINITIONS = (
					"DEBUG=1",
					"$(inherited)",
				);
				GCC_WARN_64_TO_32_BIT_CONVERSION = YES;
				GCC_WARN_ABOUT_RETURN_TYPE = YES_ERROR;
				GCC_WARN_UNDECLARED_SELECTOR = YES;
				GCC_WARN_UNINITIALIZED_AUTOS = YES_AGGRESSIVE;
				GCC_WARN_UNUSED_FUNCTION = YES;
				GCC_WARN_UNUSED_VARIABLE = YES;
				MACOSX_DEPLOYMENT_TARGET = 10.15;
				MTL_ENABLE_DEBUG_INFO = INCLUDE_SOURCE;
				MTL_FAST_MATH = YES;
				ONLY_ACTIVE_ARCH = YES;
				SDKROOT = macosx;
			};
			name = Debug;
		};
		FDAB9E3E243C3B4E000B1E4B /* Release */ = {
			isa = XCBuildConfiguration;
			buildSettings = {
				ALWAYS_SEARCH_USER_PATHS = NO;
				CLANG_ANALYZER_NONNULL = YES;
				CLANG_ANALYZER_NUMBER_OBJECT_CONVERSION = YES_AGGRESSIVE;
				CLANG_CXX_LANGUAGE_STANDARD = "gnu++14";
				CLANG_CXX_LIBRARY = "libc++";
				CLANG_ENABLE_MODULES = YES;
				CLANG_ENABLE_OBJC_ARC = YES;
				CLANG_ENABLE_OBJC_WEAK = YES;
				CLANG_WARN_BLOCK_CAPTURE_AUTORELEASING = YES;
				CLANG_WARN_BOOL_CONVERSION = YES;
				CLANG_WARN_COMMA = YES;
				CLANG_WARN_CONSTANT_CONVERSION = YES;
				CLANG_WARN_DEPRECATED_OBJC_IMPLEMENTATIONS = YES;
				CLANG_WARN_DIRECT_OBJC_ISA_USAGE = YES_ERROR;
				CLANG_WARN_DOCUMENTATION_COMMENTS = YES;
				CLANG_WARN_EMPTY_BODY = YES;
				CLANG_WARN_ENUM_CONVERSION = YES;
				CLANG_WARN_INFINITE_RECURSION = YES;
				CLANG_WARN_INT_CONVERSION = YES;
				CLANG_WARN_NON_LITERAL_NULL_CONVERSION = YES;
				CLANG_WARN_OBJC_IMPLICIT_RETAIN_SELF = YES;
				CLANG_WARN_OBJC_LITERAL_CONVERSION = YES;
				CLANG_WARN_OBJC_ROOT_CLASS = YES_ERROR;
				CLANG_WARN_RANGE_LOOP_ANALYSIS = YES;
				CLANG_WARN_STRICT_PROTOTYPES = YES;
				CLANG_WARN_SUSPICIOUS_MOVE = YES;
				CLANG_WARN_UNGUARDED_AVAILABILITY = YES_AGGRESSIVE;
				CLANG_WARN_UNREACHABLE_CODE = YES;
				CLANG_WARN__DUPLICATE_METHOD_MATCH = YES;
				COPY_PHASE_STRIP = NO;
				DEBUG_INFORMATION_FORMAT = "dwarf-with-dsym";
				ENABLE_NS_ASSERTIONS = NO;
				ENABLE_STRICT_OBJC_MSGSEND = YES;
				GCC_C_LANGUAGE_STANDARD = gnu11;
				GCC_NO_COMMON_BLOCKS = YES;
				GCC_WARN_64_TO_32_BIT_CONVERSION = YES;
				GCC_WARN_ABOUT_RETURN_TYPE = YES_ERROR;
				GCC_WARN_UNDECLARED_SELECTOR = YES;
				GCC_WARN_UNINITIALIZED_AUTOS = YES_AGGRESSIVE;
				GCC_WARN_UNUSED_FUNCTION = YES;
				GCC_WARN_UNUSED_VARIABLE = YES;
				MACOSX_DEPLOYMENT_TARGET = 10.15;
				MTL_ENABLE_DEBUG_INFO = NO;
				MTL_FAST_MATH = YES;
				SDKROOT = macosx;
			};
			name = Release;
		};
		FDAB9E40243C3B4E000B1E4B /* Debug */ = {
			isa = XCBuildConfiguration;
			buildSettings = {
				CLANG_CXX_LANGUAGE_STANDARD = "c++17";
				CODE_SIGN_IDENTITY = "-";
				CODE_SIGN_STYLE = Automatic;
				DEVELOPMENT_TEAM = JTMD2SW5KN;
				ENABLE_HARDENED_RUNTIME = YES;
				GCC_C_LANGUAGE_STANDARD = c11;
				GCC_TREAT_WARNINGS_AS_ERRORS = NO;
				GCC_WARN_PEDANTIC = YES;
				LIBRARY_SEARCH_PATHS = /usr/local/Cellar/llvm/10.0.1_1/lib;
				OTHER_CFLAGS = (
					"-I/usr/local/Cellar/llvm/10.0.1_1/include",
					"-D__STDC_CONSTANT_MACROS",
					"-D__STDC_FORMAT_MACROS",
					"-D__STDC_LIMIT_MACROS",
				);
				OTHER_LDFLAGS = (
					"-I/usr/local/Cellar/llvm/10.0.1_1/include",
					"-std=c++11",
					"-stdlib=libc++",
					"-D__STDC_CONSTANT_MACROS",
					"-D__STDC_FORMAT_MACROS",
					"-D__STDC_LIMIT_MACROS",
					"-L/usr/local/Cellar/llvm/9.0.1/lib",
					"-Wl,-search_paths_first",
					"-Wl,-headerpad_max_install_names",
					"-lLLVMInterpreter",
					"-lLLVMCodeGen",
					"-lLLVMScalarOpts",
					"-lLLVMInstCombine",
					"-lLLVMAggressiveInstCombine",
					"-lLLVMBitWriter",
					"-lLLVMExecutionEngine",
					"-lLLVMTarget",
					"-lLLVMRuntimeDyld",
					"-lLLVMLinker",
					"-lLLVMTransformUtils",
					"-lLLVMAnalysis",
					"-lLLVMProfileData",
					"-lLLVMObject",
					"-lLLVMMCParser",
					"-lLLVMMC",
					"-lLLVMDebugInfoCodeView",
					"-lLLVMDebugInfoMSF",
					"-lLLVMIRReader",
					"-lLLVMBitReader",
					"-lLLVMBitstreamReader",
					"-lLLVMAsmParser",
					"-lLLVMCore",
					"-lLLVMRemarks",
					"-lLLVMBinaryFormat",
					"-lLLVMSupport",
					"-lLLVMDemangle",
					"-lz",
					"-lcurses",
					"-lm",
					"-lxml2",
					"-lc++",
					"-lffi",
				);
				PRODUCT_NAME = "$(TARGET_NAME)";
				USER_HEADER_SEARCH_PATHS = /usr/local/Cellar/llvm/10.0.1_1/include;
				WARNING_CFLAGS = (
					"-Wall",
					"-Wpedantic",
					"-Wextra",
					"-Weverything",
				);
			};
			name = Debug;
		};
		FDAB9E41243C3B4E000B1E4B /* Release */ = {
			isa = XCBuildConfiguration;
			buildSettings = {
				CLANG_CXX_LANGUAGE_STANDARD = "c++17";
				CODE_SIGN_IDENTITY = "-";
				CODE_SIGN_STYLE = Automatic;
				DEVELOPMENT_TEAM = JTMD2SW5KN;
				ENABLE_HARDENED_RUNTIME = YES;
				GCC_C_LANGUAGE_STANDARD = c11;
				GCC_TREAT_WARNINGS_AS_ERRORS = NO;
				GCC_WARN_PEDANTIC = YES;
				LIBRARY_SEARCH_PATHS = /usr/local/Cellar/llvm/10.0.1_1/lib;
				OTHER_CFLAGS = (
					"-I/usr/local/Cellar/llvm/10.0.1_1/include",
					"-D__STDC_CONSTANT_MACROS",
					"-D__STDC_FORMAT_MACROS",
					"-D__STDC_LIMIT_MACROS",
				);
				OTHER_LDFLAGS = (
					"-I/usr/local/Cellar/llvm/10.0.1_1/include",
					"-std=c++11",
					"-stdlib=libc++",
					"-D__STDC_CONSTANT_MACROS",
					"-D__STDC_FORMAT_MACROS",
					"-D__STDC_LIMIT_MACROS",
					"-L/usr/local/Cellar/llvm/9.0.1/lib",
					"-Wl,-search_paths_first",
					"-Wl,-headerpad_max_install_names",
					"-lLLVMInterpreter",
					"-lLLVMCodeGen",
					"-lLLVMScalarOpts",
					"-lLLVMInstCombine",
					"-lLLVMAggressiveInstCombine",
					"-lLLVMBitWriter",
					"-lLLVMExecutionEngine",
					"-lLLVMTarget",
					"-lLLVMRuntimeDyld",
					"-lLLVMLinker",
					"-lLLVMTransformUtils",
					"-lLLVMAnalysis",
					"-lLLVMProfileData",
					"-lLLVMObject",
					"-lLLVMMCParser",
					"-lLLVMMC",
					"-lLLVMDebugInfoCodeView",
					"-lLLVMDebugInfoMSF",
					"-lLLVMIRReader",
					"-lLLVMBitReader",
					"-lLLVMBitstreamReader",
					"-lLLVMAsmParser",
					"-lLLVMCore",
					"-lLLVMRemarks",
					"-lLLVMBinaryFormat",
					"-lLLVMSupport",
					"-lLLVMDemangle",
					"-lz",
					"-lcurses",
					"-lm",
					"-lxml2",
					"-lc++",
					"-lffi",
				);
				PRODUCT_NAME = "$(TARGET_NAME)";
				USER_HEADER_SEARCH_PATHS = /usr/local/Cellar/llvm/10.0.1_1/include;
				WARNING_CFLAGS = (
					"-Wall",
					"-Wpedantic",
					"-Wextra",
					"-Weverything",
				);
			};
			name = Release;
		};
/* End XCBuildConfiguration section */

/* Begin XCConfigurationList section */
		FDAB9E33243C3B4E000B1E4B /* Build configuration list for PBXProject "n" */ = {
			isa = XCConfigurationList;
			buildConfigurations = (
				FDAB9E3D243C3B4E000B1E4B /* Debug */,
				FDAB9E3E243C3B4E000B1E4B /* Release */,
			);
			defaultConfigurationIsVisible = 0;
			defaultConfigurationName = Release;
		};
		FDAB9E3F243C3B4E000B1E4B /* Build configuration list for PBXNativeTarget "n" */ = {
			isa = XCConfigurationList;
			buildConfigurations = (
				FDAB9E40243C3B4E000B1E4B /* Debug */,
				FDAB9E41243C3B4E000B1E4B /* Release */,
			);
			defaultConfigurationIsVisible = 0;
			defaultConfigurationName = Release;
		};
/* End XCConfigurationList section */
	};
	rootObject = FDAB9E30243C3B4E000B1E4B /* Project object */;
}
